{
  "version": 4,
  "terraform_version": "1.5.7",
  "serial": 31,
  "lineage": "179cb0d3-d145-6308-40a8-87175f47970b",
  "outputs": {
    "hosts_entries": {
      "value": "# --- eShopOnContainers DevOps Altyapısı (Dinamik) ---\n192.168.2.85  k3s-master\n192.168.2.86  k8s-worker\n192.168.2.89  jenkins.local\n192.168.2.87  monitoring-srv\n192.168.2.91  security.local\n192.168.2.90  git.local\n192.168.2.92  vault.local\n# --------------------------------------------------\n",
      "type": "string"
    }
  },
  "resources": [
    {
      "module": "module.git",
      "mode": "managed",
      "type": "local_file",
      "name": "cloudinit",
      "provider": "provider[\"registry.terraform.io/hashicorp/local\"]",
      "instances": [
        {
          "schema_version": 0,
          "attributes": {
            "content": "#cloud-config\nhostname: git-srv\nmanage_etc_hosts: true\nusers:\n  - name: ubuntu\n    sudo: ALL=(ALL) NOPASSWD:ALL\n    shell: /bin/bash\n    ssh_authorized_keys:\n      - ssh-rsa AAAAB3NzaC1yc2EAAAADAQABAAACAQDVVb3I7bMDyIe+o4mV7Awe3dxtYMiE47BRBVF0+BLzqgAfBhqrajyXrNWyj4J6EA/xQJ+Cia21kGDP+rtY4eXr/27aHeVfHVBmaeALbQm7pTxQ7Fbucs/ss3RcMrOpCCPexnIon1DlkoLYn0o1nAjFvsSbjXUp6z6P+1Jby+sTtG0rS2hxcRV+0k7F3O+SMs2X+hvJXxMxurDMQ43omeCoGYhgHxya8USPO+A88amIEOINqFvKeVHqjZfCt6yyzUBbQHEUgBJ0N/XLhPuCJQytIANE2JXT0S112Q1vt5fkxZ4lQsv6EzhyxN91L84rnCBKa1d/APUI9PnrR8r1XXKNVr2IT0Fi0oSx9VGe6LWZMBHCZYu3tzn1mSYseGPHvD7N3SJdpXRbkPMO/RpxHNrSKXt/7gViIHbLpRrItMDiekpUXodJnU+Gijp32VhKmyqCmUWinGqFdwTh4Y5/ZfQO2802yQtzrN9Ro8ogH9uin8W6gMt/IhUHzGWjXqIDEgd9XDgllAA4HtuRVdgG9RSkhRKYDTNFzJdm2UOrOa3dC5UijRhaNHO+0//VrHEB/iDpamG9Dnv8TVs9otICqHhFSxfKZyBKFtrc6Gw6nXMhCpRuwZYhWZcCoDdDqsiF6d2BypJMJ1IQRKxweGJwgJknWcJJ6mi4Ha2aw+pLvMsXTw== denizli@Mac.home\n\n\npackage_update: true\npackage_upgrade: true\npackages:\n  - curl\n  - git\n  - jq\n  - unzip\n  - apt-transport-https\n  - ca-certificates\n  - gnupg\n  - lsb-release\n\nruncmd:\n  - timedatectl set-timezone Europe/Istanbul\n  - echo \"Instance git-srv is ready.\" \u003e\u003e /var/log/provision.log\n",
            "content_base64": null,
            "content_base64sha256": "xxf/HIBtYOfG3YBx/RDeDRiZur6rdcCATIUC52gKbgE=",
            "content_base64sha512": "UIvOcWx/H0pWva3FVUaxdJJYkmewfXKmqN8zlL50oeGsaOcSfgADJrgJsyF5mA73WXUuz+tr8g/Kiv3OF6cafw==",
            "content_md5": "764fdaeb793fdb9ff3f8ba736f207b93",
            "content_sha1": "0d2dcdc6b895bb8bafe50abe1f0aef99ad45dcf5",
            "content_sha256": "c717ff1c806d60e7c6dd8071fd10de0d1899babeab75c0804c8502e7680a6e01",
            "content_sha512": "508bce716c7f1f4a56bdadc55546b17492589267b07d72a6a8df3394be74a1e1ac68e7127e000326b809b32179980ef759752ecfeb6bf20fca8afdce17a71a7f",
            "directory_permission": "0777",
            "file_permission": "0777",
            "filename": "modules/multipass_instance/rendered_cloudinit_git-srv.yaml",
            "id": "0d2dcdc6b895bb8bafe50abe1f0aef99ad45dcf5",
            "sensitive_content": null,
            "source": null
          },
          "sensitive_attributes": []
        }
      ]
    },
    {
      "module": "module.git",
      "mode": "managed",
      "type": "multipass_instance",
      "name": "this",
      "provider": "provider[\"registry.terraform.io/larstobi/multipass\"]",
      "instances": [
        {
          "schema_version": 0,
          "attributes": {
            "cloudinit_file": "modules/multipass_instance/rendered_cloudinit_git-srv.yaml",
            "cpus": 1,
            "disk": "15G",
            "image": null,
            "ipv4": "192.168.2.90",
            "memory": "1.5G",
            "name": "git-srv"
          },
          "sensitive_attributes": [],
          "dependencies": [
            "module.git.local_file.cloudinit"
          ]
        }
      ]
    },
    {
      "module": "module.jenkins",
      "mode": "managed",
      "type": "local_file",
      "name": "cloudinit",
      "provider": "provider[\"registry.terraform.io/hashicorp/local\"]",
      "instances": [
        {
          "schema_version": 0,
          "attributes": {
            "content": "#cloud-config\nhostname: jenkins-srv\nmanage_etc_hosts: true\nusers:\n  - name: ubuntu\n    sudo: ALL=(ALL) NOPASSWD:ALL\n    shell: /bin/bash\n    ssh_authorized_keys:\n      - ssh-rsa AAAAB3NzaC1yc2EAAAADAQABAAACAQDVVb3I7bMDyIe+o4mV7Awe3dxtYMiE47BRBVF0+BLzqgAfBhqrajyXrNWyj4J6EA/xQJ+Cia21kGDP+rtY4eXr/27aHeVfHVBmaeALbQm7pTxQ7Fbucs/ss3RcMrOpCCPexnIon1DlkoLYn0o1nAjFvsSbjXUp6z6P+1Jby+sTtG0rS2hxcRV+0k7F3O+SMs2X+hvJXxMxurDMQ43omeCoGYhgHxya8USPO+A88amIEOINqFvKeVHqjZfCt6yyzUBbQHEUgBJ0N/XLhPuCJQytIANE2JXT0S112Q1vt5fkxZ4lQsv6EzhyxN91L84rnCBKa1d/APUI9PnrR8r1XXKNVr2IT0Fi0oSx9VGe6LWZMBHCZYu3tzn1mSYseGPHvD7N3SJdpXRbkPMO/RpxHNrSKXt/7gViIHbLpRrItMDiekpUXodJnU+Gijp32VhKmyqCmUWinGqFdwTh4Y5/ZfQO2802yQtzrN9Ro8ogH9uin8W6gMt/IhUHzGWjXqIDEgd9XDgllAA4HtuRVdgG9RSkhRKYDTNFzJdm2UOrOa3dC5UijRhaNHO+0//VrHEB/iDpamG9Dnv8TVs9otICqHhFSxfKZyBKFtrc6Gw6nXMhCpRuwZYhWZcCoDdDqsiF6d2BypJMJ1IQRKxweGJwgJknWcJJ6mi4Ha2aw+pLvMsXTw== denizli@Mac.home\n\n\npackage_update: true\npackage_upgrade: true\npackages:\n  - curl\n  - git\n  - jq\n  - unzip\n  - apt-transport-https\n  - ca-certificates\n  - gnupg\n  - lsb-release\n\nruncmd:\n  - timedatectl set-timezone Europe/Istanbul\n  - echo \"Instance jenkins-srv is ready.\" \u003e\u003e /var/log/provision.log\n",
            "content_base64": null,
            "content_base64sha256": "w+RsEFgM3zZCi8l4Bq0RYvW0rEClESMP4Lqu0HTJiPk=",
            "content_base64sha512": "pIiSuXaGnoBGjbJLPU0TbIaivOSh9EU8IS7479DjNfB2WqPgAHhI+YJwykqKxftsAwatp8SecoiQRqUcF5t3IQ==",
            "content_md5": "c414c228b42b49ac958ea20521eb7922",
            "content_sha1": "b420ab66a005629602c1e75a4073907e944544cb",
            "content_sha256": "c3e46c10580cdf36428bc97806ad1162f5b4ac40a511230fe0baaed074c988f9",
            "content_sha512": "a48892b976869e80468db24b3d4d136c86a2bce4a1f4453c212ef8efd0e335f0765aa3e0007848f98270ca4a8ac5fb6c0306ada7c49e72889046a51c179b7721",
            "directory_permission": "0777",
            "file_permission": "0777",
            "filename": "modules/multipass_instance/rendered_cloudinit_jenkins-srv.yaml",
            "id": "b420ab66a005629602c1e75a4073907e944544cb",
            "sensitive_content": null,
            "source": null
          },
          "sensitive_attributes": []
        }
      ]
    },
    {
      "module": "module.jenkins",
      "mode": "managed",
      "type": "multipass_instance",
      "name": "this",
      "provider": "provider[\"registry.terraform.io/larstobi/multipass\"]",
      "instances": [
        {
          "schema_version": 0,
          "attributes": {
            "cloudinit_file": "modules/multipass_instance/rendered_cloudinit_jenkins-srv.yaml",
            "cpus": 1,
            "disk": "15G",
            "image": null,
            "ipv4": "192.168.2.89",
            "memory": "3G",
            "name": "jenkins-srv"
          },
          "sensitive_attributes": [],
          "dependencies": [
            "module.jenkins.local_file.cloudinit"
          ]
        }
      ]
    },
    {
      "module": "module.k3s_master",
      "mode": "managed",
      "type": "local_file",
      "name": "cloudinit",
      "provider": "provider[\"registry.terraform.io/hashicorp/local\"]",
      "instances": [
        {
          "schema_version": 0,
          "attributes": {
            "content": "#cloud-config\nhostname: k3s-master\nmanage_etc_hosts: true\nusers:\n  - name: ubuntu\n    sudo: ALL=(ALL) NOPASSWD:ALL\n    shell: /bin/bash\n    ssh_authorized_keys:\n      - ssh-rsa AAAAB3NzaC1yc2EAAAADAQABAAACAQDVVb3I7bMDyIe+o4mV7Awe3dxtYMiE47BRBVF0+BLzqgAfBhqrajyXrNWyj4J6EA/xQJ+Cia21kGDP+rtY4eXr/27aHeVfHVBmaeALbQm7pTxQ7Fbucs/ss3RcMrOpCCPexnIon1DlkoLYn0o1nAjFvsSbjXUp6z6P+1Jby+sTtG0rS2hxcRV+0k7F3O+SMs2X+hvJXxMxurDMQ43omeCoGYhgHxya8USPO+A88amIEOINqFvKeVHqjZfCt6yyzUBbQHEUgBJ0N/XLhPuCJQytIANE2JXT0S112Q1vt5fkxZ4lQsv6EzhyxN91L84rnCBKa1d/APUI9PnrR8r1XXKNVr2IT0Fi0oSx9VGe6LWZMBHCZYu3tzn1mSYseGPHvD7N3SJdpXRbkPMO/RpxHNrSKXt/7gViIHbLpRrItMDiekpUXodJnU+Gijp32VhKmyqCmUWinGqFdwTh4Y5/ZfQO2802yQtzrN9Ro8ogH9uin8W6gMt/IhUHzGWjXqIDEgd9XDgllAA4HtuRVdgG9RSkhRKYDTNFzJdm2UOrOa3dC5UijRhaNHO+0//VrHEB/iDpamG9Dnv8TVs9otICqHhFSxfKZyBKFtrc6Gw6nXMhCpRuwZYhWZcCoDdDqsiF6d2BypJMJ1IQRKxweGJwgJknWcJJ6mi4Ha2aw+pLvMsXTw== denizli@Mac.home\n\n\npackage_update: true\npackage_upgrade: true\npackages:\n  - curl\n  - git\n  - jq\n  - unzip\n  - apt-transport-https\n  - ca-certificates\n  - gnupg\n  - lsb-release\n\nruncmd:\n  - timedatectl set-timezone Europe/Istanbul\n  - echo \"Instance k3s-master is ready.\" \u003e\u003e /var/log/provision.log\n",
            "content_base64": null,
            "content_base64sha256": "RezjJ8Nc5VOlESTBNZh7e85L57nJkCgsIQFgsGsUwhI=",
            "content_base64sha512": "+ZTMNXmsU9DlOFM+Z+1TpKlfdeVre7j5cvjCrzWfum+dgESRtwJ603GRmAMCjcu/FqpT7aKEljc8H9FBCazs2w==",
            "content_md5": "1b212c92bca36de74f356b0f65604d29",
            "content_sha1": "d157b49990fff7b89860a09ecc93837d872e95eb",
            "content_sha256": "45ece327c35ce553a51124c135987b7bce4be7b9c990282c210160b06b14c212",
            "content_sha512": "f994cc3579ac53d0e538533e67ed53a4a95f75e56b7bb8f972f8c2af359fba6f9d804491b7027ad371919803028dcbbf16aa53eda28496373c1fd14109acecdb",
            "directory_permission": "0777",
            "file_permission": "0777",
            "filename": "modules/multipass_instance/rendered_cloudinit_k3s-master.yaml",
            "id": "d157b49990fff7b89860a09ecc93837d872e95eb",
            "sensitive_content": null,
            "source": null
          },
          "sensitive_attributes": []
        }
      ]
    },
    {
      "module": "module.k3s_master",
      "mode": "managed",
      "type": "multipass_instance",
      "name": "this",
      "provider": "provider[\"registry.terraform.io/larstobi/multipass\"]",
      "instances": [
        {
          "schema_version": 0,
          "attributes": {
            "cloudinit_file": "modules/multipass_instance/rendered_cloudinit_k3s-master.yaml",
            "cpus": 1,
            "disk": "10G",
            "image": null,
            "ipv4": "192.168.2.85",
            "memory": "2G",
            "name": "k3s-master"
          },
          "sensitive_attributes": [],
          "dependencies": [
            "module.k3s_master.local_file.cloudinit"
          ]
        }
      ]
    },
    {
      "module": "module.k8s_worker",
      "mode": "managed",
      "type": "local_file",
      "name": "cloudinit",
      "provider": "provider[\"registry.terraform.io/hashicorp/local\"]",
      "instances": [
        {
          "schema_version": 0,
          "attributes": {
            "content": "#cloud-config\nhostname: k8s-worker\nmanage_etc_hosts: true\nusers:\n  - name: ubuntu\n    sudo: ALL=(ALL) NOPASSWD:ALL\n    shell: /bin/bash\n    ssh_authorized_keys:\n      - ssh-rsa AAAAB3NzaC1yc2EAAAADAQABAAACAQDVVb3I7bMDyIe+o4mV7Awe3dxtYMiE47BRBVF0+BLzqgAfBhqrajyXrNWyj4J6EA/xQJ+Cia21kGDP+rtY4eXr/27aHeVfHVBmaeALbQm7pTxQ7Fbucs/ss3RcMrOpCCPexnIon1DlkoLYn0o1nAjFvsSbjXUp6z6P+1Jby+sTtG0rS2hxcRV+0k7F3O+SMs2X+hvJXxMxurDMQ43omeCoGYhgHxya8USPO+A88amIEOINqFvKeVHqjZfCt6yyzUBbQHEUgBJ0N/XLhPuCJQytIANE2JXT0S112Q1vt5fkxZ4lQsv6EzhyxN91L84rnCBKa1d/APUI9PnrR8r1XXKNVr2IT0Fi0oSx9VGe6LWZMBHCZYu3tzn1mSYseGPHvD7N3SJdpXRbkPMO/RpxHNrSKXt/7gViIHbLpRrItMDiekpUXodJnU+Gijp32VhKmyqCmUWinGqFdwTh4Y5/ZfQO2802yQtzrN9Ro8ogH9uin8W6gMt/IhUHzGWjXqIDEgd9XDgllAA4HtuRVdgG9RSkhRKYDTNFzJdm2UOrOa3dC5UijRhaNHO+0//VrHEB/iDpamG9Dnv8TVs9otICqHhFSxfKZyBKFtrc6Gw6nXMhCpRuwZYhWZcCoDdDqsiF6d2BypJMJ1IQRKxweGJwgJknWcJJ6mi4Ha2aw+pLvMsXTw== denizli@Mac.home\n\n\npackage_update: true\npackage_upgrade: true\npackages:\n  - curl\n  - git\n  - jq\n  - unzip\n  - apt-transport-https\n  - ca-certificates\n  - gnupg\n  - lsb-release\n\nruncmd:\n  - timedatectl set-timezone Europe/Istanbul\n  - echo \"Instance k8s-worker is ready.\" \u003e\u003e /var/log/provision.log\n",
            "content_base64": null,
            "content_base64sha256": "e42mHbd5rnm5khf7YfKg395Io6WuM8vxSC0z+JSnROg=",
            "content_base64sha512": "9dP44AYScWAHsyXmMR49/ri11B40JJQzgKdhpv4p1bMsSAURUhPp0pHRerSjpDkWM5mMDDXorqV3hgesrQ+ToQ==",
            "content_md5": "e42deb473e53f3b40bb2b452b3d550d5",
            "content_sha1": "6adea6f75ccce39cb3c0f5f8f4324d896bedbd7f",
            "content_sha256": "7b8da61db779ae79b99217fb61f2a0dfde48a3a5ae33cbf1482d33f894a744e8",
            "content_sha512": "f5d3f8e00612716007b325e6311e3dfeb8b5d41e3424943380a761a6fe29d5b32c4805115213e9d291d17ab4a3a4391633998c0c35e8aea5778607acad0f93a1",
            "directory_permission": "0777",
            "file_permission": "0777",
            "filename": "modules/multipass_instance/rendered_cloudinit_k8s-worker.yaml",
            "id": "6adea6f75ccce39cb3c0f5f8f4324d896bedbd7f",
            "sensitive_content": null,
            "source": null
          },
          "sensitive_attributes": []
        }
      ]
    },
    {
      "module": "module.k8s_worker",
      "mode": "managed",
      "type": "multipass_instance",
      "name": "this",
      "provider": "provider[\"registry.terraform.io/larstobi/multipass\"]",
      "instances": [
        {
          "schema_version": 0,
          "attributes": {
            "cloudinit_file": "modules/multipass_instance/rendered_cloudinit_k8s-worker.yaml",
            "cpus": 2,
            "disk": "25G",
            "image": null,
            "ipv4": "192.168.2.86",
            "memory": "4G",
            "name": "k8s-worker"
          },
          "sensitive_attributes": [],
          "dependencies": [
            "module.k8s_worker.local_file.cloudinit"
          ]
        }
      ]
    },
    {
      "module": "module.monitoring",
      "mode": "managed",
      "type": "local_file",
      "name": "cloudinit",
      "provider": "provider[\"registry.terraform.io/hashicorp/local\"]",
      "instances": [
        {
          "schema_version": 0,
          "attributes": {
            "content": "#cloud-config\nhostname: monitoring-srv\nmanage_etc_hosts: true\nusers:\n  - name: ubuntu\n    sudo: ALL=(ALL) NOPASSWD:ALL\n    shell: /bin/bash\n    ssh_authorized_keys:\n      - ssh-rsa AAAAB3NzaC1yc2EAAAADAQABAAACAQDVVb3I7bMDyIe+o4mV7Awe3dxtYMiE47BRBVF0+BLzqgAfBhqrajyXrNWyj4J6EA/xQJ+Cia21kGDP+rtY4eXr/27aHeVfHVBmaeALbQm7pTxQ7Fbucs/ss3RcMrOpCCPexnIon1DlkoLYn0o1nAjFvsSbjXUp6z6P+1Jby+sTtG0rS2hxcRV+0k7F3O+SMs2X+hvJXxMxurDMQ43omeCoGYhgHxya8USPO+A88amIEOINqFvKeVHqjZfCt6yyzUBbQHEUgBJ0N/XLhPuCJQytIANE2JXT0S112Q1vt5fkxZ4lQsv6EzhyxN91L84rnCBKa1d/APUI9PnrR8r1XXKNVr2IT0Fi0oSx9VGe6LWZMBHCZYu3tzn1mSYseGPHvD7N3SJdpXRbkPMO/RpxHNrSKXt/7gViIHbLpRrItMDiekpUXodJnU+Gijp32VhKmyqCmUWinGqFdwTh4Y5/ZfQO2802yQtzrN9Ro8ogH9uin8W6gMt/IhUHzGWjXqIDEgd9XDgllAA4HtuRVdgG9RSkhRKYDTNFzJdm2UOrOa3dC5UijRhaNHO+0//VrHEB/iDpamG9Dnv8TVs9otICqHhFSxfKZyBKFtrc6Gw6nXMhCpRuwZYhWZcCoDdDqsiF6d2BypJMJ1IQRKxweGJwgJknWcJJ6mi4Ha2aw+pLvMsXTw== denizli@Mac.home\n\n\npackage_update: true\npackage_upgrade: true\npackages:\n  - curl\n  - git\n  - jq\n  - unzip\n  - apt-transport-https\n  - ca-certificates\n  - gnupg\n  - lsb-release\n\nruncmd:\n  - timedatectl set-timezone Europe/Istanbul\n  - echo \"Instance monitoring-srv is ready.\" \u003e\u003e /var/log/provision.log\n",
            "content_base64": null,
            "content_base64sha256": "yrlFJcZZRj31cJUrP2jPkA4qyf8aHUT/muiLaso/irk=",
            "content_base64sha512": "th+iM7y/NB+mdtC3PcKBUkc3NJI3L708bzk3uvfnWmrLVlEHS0BsuwDPNy5OmcaWgOm+VrGfFYZm3WetgqLp2Q==",
            "content_md5": "6f913cfcb2ba9843c16fe377bc489cc8",
            "content_sha1": "c083630338045301239cc40916d9a117d49ad6bc",
            "content_sha256": "cab94525c659463df570952b3f68cf900e2ac9ff1a1d44ff9ae88b6aca3f8ab9",
            "content_sha512": "b61fa233bcbf341fa676d0b73dc2815247373492372fbd3c6f3937baf7e75a6acb5651074b406cbb00cf372e4e99c69680e9be56b19f158666dd67ad82a2e9d9",
            "directory_permission": "0777",
            "file_permission": "0777",
            "filename": "modules/multipass_instance/rendered_cloudinit_monitoring-srv.yaml",
            "id": "c083630338045301239cc40916d9a117d49ad6bc",
            "sensitive_content": null,
            "source": null
          },
          "sensitive_attributes": []
        }
      ]
    },
    {
      "module": "module.monitoring",
      "mode": "managed",
      "type": "multipass_instance",
      "name": "this",
      "provider": "provider[\"registry.terraform.io/larstobi/multipass\"]",
      "instances": [
        {
          "schema_version": 0,
          "attributes": {
            "cloudinit_file": "modules/multipass_instance/rendered_cloudinit_monitoring-srv.yaml",
            "cpus": 1,
            "disk": "15G",
            "image": null,
            "ipv4": "192.168.2.87",
            "memory": "2G",
            "name": "monitoring-srv"
          },
          "sensitive_attributes": [],
          "dependencies": [
            "module.monitoring.local_file.cloudinit"
          ]
        }
      ]
    },
    {
      "module": "module.security",
      "mode": "managed",
      "type": "local_file",
      "name": "cloudinit",
      "provider": "provider[\"registry.terraform.io/hashicorp/local\"]",
      "instances": [
        {
          "schema_version": 0,
          "attributes": {
            "content": "#cloud-config\nhostname: security-srv\nmanage_etc_hosts: true\nusers:\n  - name: ubuntu\n    sudo: ALL=(ALL) NOPASSWD:ALL\n    shell: /bin/bash\n    ssh_authorized_keys:\n      - ssh-rsa AAAAB3NzaC1yc2EAAAADAQABAAACAQDVVb3I7bMDyIe+o4mV7Awe3dxtYMiE47BRBVF0+BLzqgAfBhqrajyXrNWyj4J6EA/xQJ+Cia21kGDP+rtY4eXr/27aHeVfHVBmaeALbQm7pTxQ7Fbucs/ss3RcMrOpCCPexnIon1DlkoLYn0o1nAjFvsSbjXUp6z6P+1Jby+sTtG0rS2hxcRV+0k7F3O+SMs2X+hvJXxMxurDMQ43omeCoGYhgHxya8USPO+A88amIEOINqFvKeVHqjZfCt6yyzUBbQHEUgBJ0N/XLhPuCJQytIANE2JXT0S112Q1vt5fkxZ4lQsv6EzhyxN91L84rnCBKa1d/APUI9PnrR8r1XXKNVr2IT0Fi0oSx9VGe6LWZMBHCZYu3tzn1mSYseGPHvD7N3SJdpXRbkPMO/RpxHNrSKXt/7gViIHbLpRrItMDiekpUXodJnU+Gijp32VhKmyqCmUWinGqFdwTh4Y5/ZfQO2802yQtzrN9Ro8ogH9uin8W6gMt/IhUHzGWjXqIDEgd9XDgllAA4HtuRVdgG9RSkhRKYDTNFzJdm2UOrOa3dC5UijRhaNHO+0//VrHEB/iDpamG9Dnv8TVs9otICqHhFSxfKZyBKFtrc6Gw6nXMhCpRuwZYhWZcCoDdDqsiF6d2BypJMJ1IQRKxweGJwgJknWcJJ6mi4Ha2aw+pLvMsXTw== denizli@Mac.home\n\n\npackage_update: true\npackage_upgrade: true\npackages:\n  - curl\n  - git\n  - jq\n  - unzip\n  - apt-transport-https\n  - ca-certificates\n  - gnupg\n  - lsb-release\n\nruncmd:\n  - timedatectl set-timezone Europe/Istanbul\n  - echo \"Instance security-srv is ready.\" \u003e\u003e /var/log/provision.log\n",
            "content_base64": null,
            "content_base64sha256": "q51w01ldHG0tsGyJZiPeDVsWUh0FwzLgGnXWKE0c6HI=",
            "content_base64sha512": "hycn8qKnsFhVyMU9drjE/2sT5UhDPI6vmpxp+rkURgDHnU4JGOfg4WWwpvC7+y8Y6s0mbMmbDiw42Ci+aYt1zA==",
            "content_md5": "66709bd10a794a2e70110320de80e224",
            "content_sha1": "a92d50ab8d9048a9641f505552c7d3c9b26a9992",
            "content_sha256": "ab9d70d3595d1c6d2db06c896623de0d5b16521d05c332e01a75d6284d1ce872",
            "content_sha512": "872727f2a2a7b05855c8c53d76b8c4ff6b13e548433c8eaf9a9c69fab9144600c79d4e0918e7e0e165b0a6f0bbfb2f18eacd266cc99b0e2c38d828be698b75cc",
            "directory_permission": "0777",
            "file_permission": "0777",
            "filename": "modules/multipass_instance/rendered_cloudinit_security-srv.yaml",
            "id": "a92d50ab8d9048a9641f505552c7d3c9b26a9992",
            "sensitive_content": null,
            "source": null
          },
          "sensitive_attributes": []
        }
      ]
    },
    {
      "module": "module.security",
      "mode": "managed",
      "type": "multipass_instance",
      "name": "this",
      "provider": "provider[\"registry.terraform.io/larstobi/multipass\"]",
      "instances": [
        {
          "schema_version": 0,
          "attributes": {
            "cloudinit_file": "modules/multipass_instance/rendered_cloudinit_security-srv.yaml",
            "cpus": 1,
            "disk": "10G",
            "image": null,
            "ipv4": "192.168.2.91",
            "memory": "3G",
            "name": "security-srv"
          },
          "sensitive_attributes": [],
          "dependencies": [
            "module.security.local_file.cloudinit"
          ]
        }
      ]
    },
    {
      "module": "module.vault",
      "mode": "managed",
      "type": "local_file",
      "name": "cloudinit",
      "provider": "provider[\"registry.terraform.io/hashicorp/local\"]",
      "instances": [
        {
          "schema_version": 0,
          "attributes": {
            "content": "#cloud-config\nhostname: vault-srv\nmanage_etc_hosts: true\nusers:\n  - name: ubuntu\n    sudo: ALL=(ALL) NOPASSWD:ALL\n    shell: /bin/bash\n    ssh_authorized_keys:\n      - ssh-rsa AAAAB3NzaC1yc2EAAAADAQABAAACAQDVVb3I7bMDyIe+o4mV7Awe3dxtYMiE47BRBVF0+BLzqgAfBhqrajyXrNWyj4J6EA/xQJ+Cia21kGDP+rtY4eXr/27aHeVfHVBmaeALbQm7pTxQ7Fbucs/ss3RcMrOpCCPexnIon1DlkoLYn0o1nAjFvsSbjXUp6z6P+1Jby+sTtG0rS2hxcRV+0k7F3O+SMs2X+hvJXxMxurDMQ43omeCoGYhgHxya8USPO+A88amIEOINqFvKeVHqjZfCt6yyzUBbQHEUgBJ0N/XLhPuCJQytIANE2JXT0S112Q1vt5fkxZ4lQsv6EzhyxN91L84rnCBKa1d/APUI9PnrR8r1XXKNVr2IT0Fi0oSx9VGe6LWZMBHCZYu3tzn1mSYseGPHvD7N3SJdpXRbkPMO/RpxHNrSKXt/7gViIHbLpRrItMDiekpUXodJnU+Gijp32VhKmyqCmUWinGqFdwTh4Y5/ZfQO2802yQtzrN9Ro8ogH9uin8W6gMt/IhUHzGWjXqIDEgd9XDgllAA4HtuRVdgG9RSkhRKYDTNFzJdm2UOrOa3dC5UijRhaNHO+0//VrHEB/iDpamG9Dnv8TVs9otICqHhFSxfKZyBKFtrc6Gw6nXMhCpRuwZYhWZcCoDdDqsiF6d2BypJMJ1IQRKxweGJwgJknWcJJ6mi4Ha2aw+pLvMsXTw== denizli@Mac.home\n\n\npackage_update: true\npackage_upgrade: true\npackages:\n  - curl\n  - git\n  - jq\n  - unzip\n  - apt-transport-https\n  - ca-certificates\n  - gnupg\n  - lsb-release\n\nruncmd:\n  - timedatectl set-timezone Europe/Istanbul\n  - echo \"Instance vault-srv is ready.\" \u003e\u003e /var/log/provision.log\n",
            "content_base64": null,
            "content_base64sha256": "sp9NslePTcWcx8gfQz2fP+AbRn5XtvieXPXsFJfPGpo=",
            "content_base64sha512": "2CSqBogP6Gi3HEZrZcnjKubvfnM+um3NBrcphpMvIHtz22TxAv0KC2g6EODtFepcTwXwGFJa85xvOA5IlY1ATg==",
            "content_md5": "24431700c88edec5e7bbb50de3b748f5",
            "content_sha1": "966823ac05e7021e0928dca8eecba45fa2cc4301",
            "content_sha256": "b29f4db2578f4dc59cc7c81f433d9f3fe01b467e57b6f89e5cf5ec1497cf1a9a",
            "content_sha512": "d824aa06880fe868b71c466b65c9e32ae6ef7e733eba6dcd06b72986932f207b73db64f102fd0a0b683a10e0ed15ea5c4f05f018525af39c6f380e48958d404e",
            "directory_permission": "0777",
            "file_permission": "0777",
            "filename": "modules/multipass_instance/rendered_cloudinit_vault-srv.yaml",
            "id": "966823ac05e7021e0928dca8eecba45fa2cc4301",
            "sensitive_content": null,
            "source": null
          },
          "sensitive_attributes": []
        }
      ]
    },
    {
      "module": "module.vault",
      "mode": "managed",
      "type": "multipass_instance",
      "name": "this",
      "provider": "provider[\"registry.terraform.io/larstobi/multipass\"]",
      "instances": [
        {
          "schema_version": 0,
          "attributes": {
            "cloudinit_file": "modules/multipass_instance/rendered_cloudinit_vault-srv.yaml",
            "cpus": 1,
            "disk": "5G",
            "image": null,
            "ipv4": "192.168.2.92",
            "memory": "512M",
            "name": "vault-srv"
          },
          "sensitive_attributes": [],
          "dependencies": [
            "module.vault.local_file.cloudinit"
          ]
        }
      ]
    }
  ],
  "check_results": null
}
